
Microsoft Visual Studio Solution File, Format Version 12.00
# Visual Studio 15
VisualStudioVersion = 15.0.26124.0
MinimumVisualStudioVersion = 15.0.26124.0
Project("{2150E333-8FDC-42A3-9474-1A3956D46DE8}") = "src", "src", "{397CAAEE-23E1-473A-8A32-8E1575EC81F4}"
EndProject
Project("{2150E333-8FDC-42A3-9474-1A3956D46DE8}") = "test", "test", "{13C02213-1B27-45B1-9CBC-BA2BC24B94DD}"
EndProject
Project("{FAE04EC0-301F-11D3-BF4B-00C04F79EFBC}") = "GisHub.Test", "test\GisHub.Test\GisHub.Test.csproj", "{6A2ADFEB-F199-4EDF-B76F-0CB6DFE72515}"
EndProject
Project("{FAE04EC0-301F-11D3-BF4B-00C04F79EFBC}") = "GisHub.Api", "src\GisHub.Api\GisHub.Api.csproj", "{68453A67-6467-404B-8725-BF759C26F13A}"
EndProject
Project("{FAE04EC0-301F-11D3-BF4B-00C04F79EFBC}") = "GisHub.Data", "src\GisHub.Data\GisHub.Data.csproj", "{633841C3-B32D-4C55-A69D-00318C371818}"
EndProject
Project("{FAE04EC0-301F-11D3-BF4B-00C04F79EFBC}") = "GisHub.Models", "src\GisHub.Models\GisHub.Models.csproj", "{D7F9AB18-7919-41DB-BA75-485CFBD4E07C}"
EndProject
Project("{FAE04EC0-301F-11D3-BF4B-00C04F79EFBC}") = "GisHub.Common", "src\GisHub.Common\GisHub.Common.csproj", "{0DE26159-5312-4AC0-BE7C-94CED0FFE3CD}"
EndProject
Project("{FAE04EC0-301F-11D3-BF4B-00C04F79EFBC}") = "GisHub.Entry", "src\GisHub.Entry\GisHub.Entry.csproj", "{491B1F1C-C114-4FEF-8EC6-6A4E7AC1D832}"
EndProject
Project("{FAE04EC0-301F-11D3-BF4B-00C04F79EFBC}") = "GisHub.Slpk", "src\GisHub.Slpk\GisHub.Slpk.csproj", "{992F1A29-3C67-416F-A744-19F22ACC5F8C}"
EndProject
Project("{FAE04EC0-301F-11D3-BF4B-00C04F79EFBC}") = "GisHub.TileMap", "src\GisHub.TileMap\GisHub.TileMap.csproj", "{EB5CD1B5-7BFB-40B7-A134-5E67E137F2CE}"
EndProject
Project("{FAE04EC0-301F-11D3-BF4B-00C04F79EFBC}") = "GisHub.SlpkExtractor", "test\GisHub.SlpkExtractor\GisHub.SlpkExtractor.csproj", "{EDD3F81B-1508-47F7-8D4D-9C6C5D3410C5}"
EndProject
Project("{FAE04EC0-301F-11D3-BF4B-00C04F79EFBC}") = "GisHub.Gmap", "test\GisHub.Gmap\GisHub.Gmap.csproj", "{CDE854F9-ED5A-43F5-BCBD-8688A4EFA55C}"
EndProject
Project("{FAE04EC0-301F-11D3-BF4B-00C04F79EFBC}") = "GisHub.DataServices", "src\GisHub.DataServices\GisHub.DataServices.csproj", "{332F67BF-5D12-417E-88B0-E83DBFD98B1F}"
EndProject
Project("{FAE04EC0-301F-11D3-BF4B-00C04F79EFBC}") = "GisHub.DataServices.PostGIS", "src\GisHub.DataServices.PostGIS\GisHub.DataServices.PostGIS.csproj", "{ACBEC074-0712-4702-A7E3-E83EC3AE2525}"
EndProject
Project("{FAE04EC0-301F-11D3-BF4B-00C04F79EFBC}") = "GisHub.VectorTile", "src\GisHub.VectorTile\GisHub.VectorTile.csproj", "{BD593D1D-C149-4899-BC97-CB23427FA79E}"
EndProject
Global
	GlobalSection(SolutionConfigurationPlatforms) = preSolution
		Debug|Any CPU = Debug|Any CPU
		Debug|x64 = Debug|x64
		Debug|x86 = Debug|x86
		Release|Any CPU = Release|Any CPU
		Release|x64 = Release|x64
		Release|x86 = Release|x86
	EndGlobalSection
	GlobalSection(SolutionProperties) = preSolution
		HideSolutionNode = FALSE
	EndGlobalSection
	GlobalSection(NestedProjects) = preSolution
		{6A2ADFEB-F199-4EDF-B76F-0CB6DFE72515} = {13C02213-1B27-45B1-9CBC-BA2BC24B94DD}
		{68453A67-6467-404B-8725-BF759C26F13A} = {397CAAEE-23E1-473A-8A32-8E1575EC81F4}
		{633841C3-B32D-4C55-A69D-00318C371818} = {397CAAEE-23E1-473A-8A32-8E1575EC81F4}
		{D7F9AB18-7919-41DB-BA75-485CFBD4E07C} = {397CAAEE-23E1-473A-8A32-8E1575EC81F4}
		{0DE26159-5312-4AC0-BE7C-94CED0FFE3CD} = {397CAAEE-23E1-473A-8A32-8E1575EC81F4}
		{491B1F1C-C114-4FEF-8EC6-6A4E7AC1D832} = {397CAAEE-23E1-473A-8A32-8E1575EC81F4}
		{992F1A29-3C67-416F-A744-19F22ACC5F8C} = {397CAAEE-23E1-473A-8A32-8E1575EC81F4}
		{EB5CD1B5-7BFB-40B7-A134-5E67E137F2CE} = {397CAAEE-23E1-473A-8A32-8E1575EC81F4}
		{EDD3F81B-1508-47F7-8D4D-9C6C5D3410C5} = {13C02213-1B27-45B1-9CBC-BA2BC24B94DD}
		{CDE854F9-ED5A-43F5-BCBD-8688A4EFA55C} = {13C02213-1B27-45B1-9CBC-BA2BC24B94DD}
		{332F67BF-5D12-417E-88B0-E83DBFD98B1F} = {397CAAEE-23E1-473A-8A32-8E1575EC81F4}
		{ACBEC074-0712-4702-A7E3-E83EC3AE2525} = {397CAAEE-23E1-473A-8A32-8E1575EC81F4}
		{BD593D1D-C149-4899-BC97-CB23427FA79E} = {397CAAEE-23E1-473A-8A32-8E1575EC81F4}
	EndGlobalSection
	GlobalSection(ProjectConfigurationPlatforms) = postSolution
		{6A2ADFEB-F199-4EDF-B76F-0CB6DFE72515}.Debug|Any CPU.ActiveCfg = Debug|Any CPU
		{6A2ADFEB-F199-4EDF-B76F-0CB6DFE72515}.Debug|Any CPU.Build.0 = Debug|Any CPU
		{6A2ADFEB-F199-4EDF-B76F-0CB6DFE72515}.Debug|x64.ActiveCfg = Debug|Any CPU
		{6A2ADFEB-F199-4EDF-B76F-0CB6DFE72515}.Debug|x64.Build.0 = Debug|Any CPU
		{6A2ADFEB-F199-4EDF-B76F-0CB6DFE72515}.Debug|x86.ActiveCfg = Debug|Any CPU
		{6A2ADFEB-F199-4EDF-B76F-0CB6DFE72515}.Debug|x86.Build.0 = Debug|Any CPU
		{6A2ADFEB-F199-4EDF-B76F-0CB6DFE72515}.Release|Any CPU.ActiveCfg = Release|Any CPU
		{6A2ADFEB-F199-4EDF-B76F-0CB6DFE72515}.Release|Any CPU.Build.0 = Release|Any CPU
		{6A2ADFEB-F199-4EDF-B76F-0CB6DFE72515}.Release|x64.ActiveCfg = Release|Any CPU
		{6A2ADFEB-F199-4EDF-B76F-0CB6DFE72515}.Release|x64.Build.0 = Release|Any CPU
		{6A2ADFEB-F199-4EDF-B76F-0CB6DFE72515}.Release|x86.ActiveCfg = Release|Any CPU
		{6A2ADFEB-F199-4EDF-B76F-0CB6DFE72515}.Release|x86.Build.0 = Release|Any CPU
		{68453A67-6467-404B-8725-BF759C26F13A}.Debug|Any CPU.ActiveCfg = Debug|Any CPU
		{68453A67-6467-404B-8725-BF759C26F13A}.Debug|Any CPU.Build.0 = Debug|Any CPU
		{68453A67-6467-404B-8725-BF759C26F13A}.Debug|x64.ActiveCfg = Debug|Any CPU
		{68453A67-6467-404B-8725-BF759C26F13A}.Debug|x64.Build.0 = Debug|Any CPU
		{68453A67-6467-404B-8725-BF759C26F13A}.Debug|x86.ActiveCfg = Debug|Any CPU
		{68453A67-6467-404B-8725-BF759C26F13A}.Debug|x86.Build.0 = Debug|Any CPU
		{68453A67-6467-404B-8725-BF759C26F13A}.Release|Any CPU.ActiveCfg = Release|Any CPU
		{68453A67-6467-404B-8725-BF759C26F13A}.Release|Any CPU.Build.0 = Release|Any CPU
		{68453A67-6467-404B-8725-BF759C26F13A}.Release|x64.ActiveCfg = Release|Any CPU
		{68453A67-6467-404B-8725-BF759C26F13A}.Release|x64.Build.0 = Release|Any CPU
		{68453A67-6467-404B-8725-BF759C26F13A}.Release|x86.ActiveCfg = Release|Any CPU
		{68453A67-6467-404B-8725-BF759C26F13A}.Release|x86.Build.0 = Release|Any CPU
		{633841C3-B32D-4C55-A69D-00318C371818}.Debug|Any CPU.ActiveCfg = Debug|Any CPU
		{633841C3-B32D-4C55-A69D-00318C371818}.Debug|Any CPU.Build.0 = Debug|Any CPU
		{633841C3-B32D-4C55-A69D-00318C371818}.Debug|x64.ActiveCfg = Debug|Any CPU
		{633841C3-B32D-4C55-A69D-00318C371818}.Debug|x64.Build.0 = Debug|Any CPU
		{633841C3-B32D-4C55-A69D-00318C371818}.Debug|x86.ActiveCfg = Debug|Any CPU
		{633841C3-B32D-4C55-A69D-00318C371818}.Debug|x86.Build.0 = Debug|Any CPU
		{633841C3-B32D-4C55-A69D-00318C371818}.Release|Any CPU.ActiveCfg = Release|Any CPU
		{633841C3-B32D-4C55-A69D-00318C371818}.Release|Any CPU.Build.0 = Release|Any CPU
		{633841C3-B32D-4C55-A69D-00318C371818}.Release|x64.ActiveCfg = Release|Any CPU
		{633841C3-B32D-4C55-A69D-00318C371818}.Release|x64.Build.0 = Release|Any CPU
		{633841C3-B32D-4C55-A69D-00318C371818}.Release|x86.ActiveCfg = Release|Any CPU
		{633841C3-B32D-4C55-A69D-00318C371818}.Release|x86.Build.0 = Release|Any CPU
		{D7F9AB18-7919-41DB-BA75-485CFBD4E07C}.Debug|Any CPU.ActiveCfg = Debug|Any CPU
		{D7F9AB18-7919-41DB-BA75-485CFBD4E07C}.Debug|Any CPU.Build.0 = Debug|Any CPU
		{D7F9AB18-7919-41DB-BA75-485CFBD4E07C}.Debug|x64.ActiveCfg = Debug|Any CPU
		{D7F9AB18-7919-41DB-BA75-485CFBD4E07C}.Debug|x64.Build.0 = Debug|Any CPU
		{D7F9AB18-7919-41DB-BA75-485CFBD4E07C}.Debug|x86.ActiveCfg = Debug|Any CPU
		{D7F9AB18-7919-41DB-BA75-485CFBD4E07C}.Debug|x86.Build.0 = Debug|Any CPU
		{D7F9AB18-7919-41DB-BA75-485CFBD4E07C}.Release|Any CPU.ActiveCfg = Release|Any CPU
		{D7F9AB18-7919-41DB-BA75-485CFBD4E07C}.Release|Any CPU.Build.0 = Release|Any CPU
		{D7F9AB18-7919-41DB-BA75-485CFBD4E07C}.Release|x64.ActiveCfg = Release|Any CPU
		{D7F9AB18-7919-41DB-BA75-485CFBD4E07C}.Release|x64.Build.0 = Release|Any CPU
		{D7F9AB18-7919-41DB-BA75-485CFBD4E07C}.Release|x86.ActiveCfg = Release|Any CPU
		{D7F9AB18-7919-41DB-BA75-485CFBD4E07C}.Release|x86.Build.0 = Release|Any CPU
		{0DE26159-5312-4AC0-BE7C-94CED0FFE3CD}.Debug|Any CPU.ActiveCfg = Debug|Any CPU
		{0DE26159-5312-4AC0-BE7C-94CED0FFE3CD}.Debug|Any CPU.Build.0 = Debug|Any CPU
		{0DE26159-5312-4AC0-BE7C-94CED0FFE3CD}.Debug|x64.ActiveCfg = Debug|Any CPU
		{0DE26159-5312-4AC0-BE7C-94CED0FFE3CD}.Debug|x64.Build.0 = Debug|Any CPU
		{0DE26159-5312-4AC0-BE7C-94CED0FFE3CD}.Debug|x86.ActiveCfg = Debug|Any CPU
		{0DE26159-5312-4AC0-BE7C-94CED0FFE3CD}.Debug|x86.Build.0 = Debug|Any CPU
		{0DE26159-5312-4AC0-BE7C-94CED0FFE3CD}.Release|Any CPU.ActiveCfg = Release|Any CPU
		{0DE26159-5312-4AC0-BE7C-94CED0FFE3CD}.Release|Any CPU.Build.0 = Release|Any CPU
		{0DE26159-5312-4AC0-BE7C-94CED0FFE3CD}.Release|x64.ActiveCfg = Release|Any CPU
		{0DE26159-5312-4AC0-BE7C-94CED0FFE3CD}.Release|x64.Build.0 = Release|Any CPU
		{0DE26159-5312-4AC0-BE7C-94CED0FFE3CD}.Release|x86.ActiveCfg = Release|Any CPU
		{0DE26159-5312-4AC0-BE7C-94CED0FFE3CD}.Release|x86.Build.0 = Release|Any CPU
		{491B1F1C-C114-4FEF-8EC6-6A4E7AC1D832}.Debug|Any CPU.ActiveCfg = Debug|Any CPU
		{491B1F1C-C114-4FEF-8EC6-6A4E7AC1D832}.Debug|Any CPU.Build.0 = Debug|Any CPU
		{491B1F1C-C114-4FEF-8EC6-6A4E7AC1D832}.Debug|x64.ActiveCfg = Debug|Any CPU
		{491B1F1C-C114-4FEF-8EC6-6A4E7AC1D832}.Debug|x64.Build.0 = Debug|Any CPU
		{491B1F1C-C114-4FEF-8EC6-6A4E7AC1D832}.Debug|x86.ActiveCfg = Debug|Any CPU
		{491B1F1C-C114-4FEF-8EC6-6A4E7AC1D832}.Debug|x86.Build.0 = Debug|Any CPU
		{491B1F1C-C114-4FEF-8EC6-6A4E7AC1D832}.Release|Any CPU.ActiveCfg = Release|Any CPU
		{491B1F1C-C114-4FEF-8EC6-6A4E7AC1D832}.Release|Any CPU.Build.0 = Release|Any CPU
		{491B1F1C-C114-4FEF-8EC6-6A4E7AC1D832}.Release|x64.ActiveCfg = Release|Any CPU
		{491B1F1C-C114-4FEF-8EC6-6A4E7AC1D832}.Release|x64.Build.0 = Release|Any CPU
		{491B1F1C-C114-4FEF-8EC6-6A4E7AC1D832}.Release|x86.ActiveCfg = Release|Any CPU
		{491B1F1C-C114-4FEF-8EC6-6A4E7AC1D832}.Release|x86.Build.0 = Release|Any CPU
		{992F1A29-3C67-416F-A744-19F22ACC5F8C}.Debug|Any CPU.ActiveCfg = Debug|Any CPU
		{992F1A29-3C67-416F-A744-19F22ACC5F8C}.Debug|Any CPU.Build.0 = Debug|Any CPU
		{992F1A29-3C67-416F-A744-19F22ACC5F8C}.Debug|x64.ActiveCfg = Debug|Any CPU
		{992F1A29-3C67-416F-A744-19F22ACC5F8C}.Debug|x64.Build.0 = Debug|Any CPU
		{992F1A29-3C67-416F-A744-19F22ACC5F8C}.Debug|x86.ActiveCfg = Debug|Any CPU
		{992F1A29-3C67-416F-A744-19F22ACC5F8C}.Debug|x86.Build.0 = Debug|Any CPU
		{992F1A29-3C67-416F-A744-19F22ACC5F8C}.Release|Any CPU.ActiveCfg = Release|Any CPU
		{992F1A29-3C67-416F-A744-19F22ACC5F8C}.Release|Any CPU.Build.0 = Release|Any CPU
		{992F1A29-3C67-416F-A744-19F22ACC5F8C}.Release|x64.ActiveCfg = Release|Any CPU
		{992F1A29-3C67-416F-A744-19F22ACC5F8C}.Release|x64.Build.0 = Release|Any CPU
		{992F1A29-3C67-416F-A744-19F22ACC5F8C}.Release|x86.ActiveCfg = Release|Any CPU
		{992F1A29-3C67-416F-A744-19F22ACC5F8C}.Release|x86.Build.0 = Release|Any CPU
		{EB5CD1B5-7BFB-40B7-A134-5E67E137F2CE}.Debug|Any CPU.ActiveCfg = Debug|Any CPU
		{EB5CD1B5-7BFB-40B7-A134-5E67E137F2CE}.Debug|Any CPU.Build.0 = Debug|Any CPU
		{EB5CD1B5-7BFB-40B7-A134-5E67E137F2CE}.Debug|x64.ActiveCfg = Debug|Any CPU
		{EB5CD1B5-7BFB-40B7-A134-5E67E137F2CE}.Debug|x64.Build.0 = Debug|Any CPU
		{EB5CD1B5-7BFB-40B7-A134-5E67E137F2CE}.Debug|x86.ActiveCfg = Debug|Any CPU
		{EB5CD1B5-7BFB-40B7-A134-5E67E137F2CE}.Debug|x86.Build.0 = Debug|Any CPU
		{EB5CD1B5-7BFB-40B7-A134-5E67E137F2CE}.Release|Any CPU.ActiveCfg = Release|Any CPU
		{EB5CD1B5-7BFB-40B7-A134-5E67E137F2CE}.Release|Any CPU.Build.0 = Release|Any CPU
		{EB5CD1B5-7BFB-40B7-A134-5E67E137F2CE}.Release|x64.ActiveCfg = Release|Any CPU
		{EB5CD1B5-7BFB-40B7-A134-5E67E137F2CE}.Release|x64.Build.0 = Release|Any CPU
		{EB5CD1B5-7BFB-40B7-A134-5E67E137F2CE}.Release|x86.ActiveCfg = Release|Any CPU
		{EB5CD1B5-7BFB-40B7-A134-5E67E137F2CE}.Release|x86.Build.0 = Release|Any CPU
		{EDD3F81B-1508-47F7-8D4D-9C6C5D3410C5}.Debug|Any CPU.ActiveCfg = Debug|Any CPU
		{EDD3F81B-1508-47F7-8D4D-9C6C5D3410C5}.Debug|Any CPU.Build.0 = Debug|Any CPU
		{EDD3F81B-1508-47F7-8D4D-9C6C5D3410C5}.Debug|x64.ActiveCfg = Debug|Any CPU
		{EDD3F81B-1508-47F7-8D4D-9C6C5D3410C5}.Debug|x64.Build.0 = Debug|Any CPU
		{EDD3F81B-1508-47F7-8D4D-9C6C5D3410C5}.Debug|x86.ActiveCfg = Debug|Any CPU
		{EDD3F81B-1508-47F7-8D4D-9C6C5D3410C5}.Debug|x86.Build.0 = Debug|Any CPU
		{EDD3F81B-1508-47F7-8D4D-9C6C5D3410C5}.Release|Any CPU.ActiveCfg = Release|Any CPU
		{EDD3F81B-1508-47F7-8D4D-9C6C5D3410C5}.Release|Any CPU.Build.0 = Release|Any CPU
		{EDD3F81B-1508-47F7-8D4D-9C6C5D3410C5}.Release|x64.ActiveCfg = Release|Any CPU
		{EDD3F81B-1508-47F7-8D4D-9C6C5D3410C5}.Release|x64.Build.0 = Release|Any CPU
		{EDD3F81B-1508-47F7-8D4D-9C6C5D3410C5}.Release|x86.ActiveCfg = Release|Any CPU
		{EDD3F81B-1508-47F7-8D4D-9C6C5D3410C5}.Release|x86.Build.0 = Release|Any CPU
		{CDE854F9-ED5A-43F5-BCBD-8688A4EFA55C}.Debug|Any CPU.ActiveCfg = Debug|Any CPU
		{CDE854F9-ED5A-43F5-BCBD-8688A4EFA55C}.Debug|Any CPU.Build.0 = Debug|Any CPU
		{CDE854F9-ED5A-43F5-BCBD-8688A4EFA55C}.Debug|x64.ActiveCfg = Debug|Any CPU
		{CDE854F9-ED5A-43F5-BCBD-8688A4EFA55C}.Debug|x64.Build.0 = Debug|Any CPU
		{CDE854F9-ED5A-43F5-BCBD-8688A4EFA55C}.Debug|x86.ActiveCfg = Debug|Any CPU
		{CDE854F9-ED5A-43F5-BCBD-8688A4EFA55C}.Debug|x86.Build.0 = Debug|Any CPU
		{CDE854F9-ED5A-43F5-BCBD-8688A4EFA55C}.Release|Any CPU.ActiveCfg = Release|Any CPU
		{CDE854F9-ED5A-43F5-BCBD-8688A4EFA55C}.Release|Any CPU.Build.0 = Release|Any CPU
		{CDE854F9-ED5A-43F5-BCBD-8688A4EFA55C}.Release|x64.ActiveCfg = Release|Any CPU
		{CDE854F9-ED5A-43F5-BCBD-8688A4EFA55C}.Release|x64.Build.0 = Release|Any CPU
		{CDE854F9-ED5A-43F5-BCBD-8688A4EFA55C}.Release|x86.ActiveCfg = Release|Any CPU
		{CDE854F9-ED5A-43F5-BCBD-8688A4EFA55C}.Release|x86.Build.0 = Release|Any CPU
		{332F67BF-5D12-417E-88B0-E83DBFD98B1F}.Debug|Any CPU.ActiveCfg = Debug|Any CPU
		{332F67BF-5D12-417E-88B0-E83DBFD98B1F}.Debug|Any CPU.Build.0 = Debug|Any CPU
		{332F67BF-5D12-417E-88B0-E83DBFD98B1F}.Debug|x64.ActiveCfg = Debug|Any CPU
		{332F67BF-5D12-417E-88B0-E83DBFD98B1F}.Debug|x64.Build.0 = Debug|Any CPU
		{332F67BF-5D12-417E-88B0-E83DBFD98B1F}.Debug|x86.ActiveCfg = Debug|Any CPU
		{332F67BF-5D12-417E-88B0-E83DBFD98B1F}.Debug|x86.Build.0 = Debug|Any CPU
		{332F67BF-5D12-417E-88B0-E83DBFD98B1F}.Release|Any CPU.ActiveCfg = Release|Any CPU
		{332F67BF-5D12-417E-88B0-E83DBFD98B1F}.Release|Any CPU.Build.0 = Release|Any CPU
		{332F67BF-5D12-417E-88B0-E83DBFD98B1F}.Release|x64.ActiveCfg = Release|Any CPU
		{332F67BF-5D12-417E-88B0-E83DBFD98B1F}.Release|x64.Build.0 = Release|Any CPU
		{332F67BF-5D12-417E-88B0-E83DBFD98B1F}.Release|x86.ActiveCfg = Release|Any CPU
		{332F67BF-5D12-417E-88B0-E83DBFD98B1F}.Release|x86.Build.0 = Release|Any CPU
		{ACBEC074-0712-4702-A7E3-E83EC3AE2525}.Debug|Any CPU.ActiveCfg = Debug|Any CPU
		{ACBEC074-0712-4702-A7E3-E83EC3AE2525}.Debug|Any CPU.Build.0 = Debug|Any CPU
		{ACBEC074-0712-4702-A7E3-E83EC3AE2525}.Debug|x64.ActiveCfg = Debug|Any CPU
		{ACBEC074-0712-4702-A7E3-E83EC3AE2525}.Debug|x64.Build.0 = Debug|Any CPU
		{ACBEC074-0712-4702-A7E3-E83EC3AE2525}.Debug|x86.ActiveCfg = Debug|Any CPU
		{ACBEC074-0712-4702-A7E3-E83EC3AE2525}.Debug|x86.Build.0 = Debug|Any CPU
		{ACBEC074-0712-4702-A7E3-E83EC3AE2525}.Release|Any CPU.ActiveCfg = Release|Any CPU
		{ACBEC074-0712-4702-A7E3-E83EC3AE2525}.Release|Any CPU.Build.0 = Release|Any CPU
		{ACBEC074-0712-4702-A7E3-E83EC3AE2525}.Release|x64.ActiveCfg = Release|Any CPU
		{ACBEC074-0712-4702-A7E3-E83EC3AE2525}.Release|x64.Build.0 = Release|Any CPU
		{ACBEC074-0712-4702-A7E3-E83EC3AE2525}.Release|x86.ActiveCfg = Release|Any CPU
		{ACBEC074-0712-4702-A7E3-E83EC3AE2525}.Release|x86.Build.0 = Release|Any CPU
		{BD593D1D-C149-4899-BC97-CB23427FA79E}.Debug|Any CPU.ActiveCfg = Debug|Any CPU
		{BD593D1D-C149-4899-BC97-CB23427FA79E}.Debug|Any CPU.Build.0 = Debug|Any CPU
		{BD593D1D-C149-4899-BC97-CB23427FA79E}.Debug|x64.ActiveCfg = Debug|Any CPU
		{BD593D1D-C149-4899-BC97-CB23427FA79E}.Debug|x64.Build.0 = Debug|Any CPU
		{BD593D1D-C149-4899-BC97-CB23427FA79E}.Debug|x86.ActiveCfg = Debug|Any CPU
		{BD593D1D-C149-4899-BC97-CB23427FA79E}.Debug|x86.Build.0 = Debug|Any CPU
		{BD593D1D-C149-4899-BC97-CB23427FA79E}.Release|Any CPU.ActiveCfg = Release|Any CPU
		{BD593D1D-C149-4899-BC97-CB23427FA79E}.Release|Any CPU.Build.0 = Release|Any CPU
		{BD593D1D-C149-4899-BC97-CB23427FA79E}.Release|x64.ActiveCfg = Release|Any CPU
		{BD593D1D-C149-4899-BC97-CB23427FA79E}.Release|x64.Build.0 = Release|Any CPU
		{BD593D1D-C149-4899-BC97-CB23427FA79E}.Release|x86.ActiveCfg = Release|Any CPU
		{BD593D1D-C149-4899-BC97-CB23427FA79E}.Release|x86.Build.0 = Release|Any CPU
	EndGlobalSection
EndGlobal
