
Microsoft Visual Studio Solution File, Format Version 12.00
# Visual Studio 15
VisualStudioVersion = 15.0.26124.0
MinimumVisualStudioVersion = 15.0.26124.0
Project("{2150E333-8FDC-42A3-9474-1A3956D46DE8}") = "src", "src", "{397CAAEE-23E1-473A-8A32-8E1575EC81F4}"
EndProject
Project("{2150E333-8FDC-42A3-9474-1A3956D46DE8}") = "test", "test", "{13C02213-1B27-45B1-9CBC-BA2BC24B94DD}"
EndProject
Project("{FAE04EC0-301F-11D3-BF4B-00C04F79EFBC}") = "NetCoreApp.Test", "test\NetCoreApp.Test\NetCoreApp.Test.csproj", "{6A2ADFEB-F199-4EDF-B76F-0CB6DFE72515}"
EndProject
Project("{FAE04EC0-301F-11D3-BF4B-00C04F79EFBC}") = "NetCoreApp.Api", "src\NetCoreApp.Api\NetCoreApp.Api.csproj", "{68453A67-6467-404B-8725-BF759C26F13A}"
EndProject
Project("{FAE04EC0-301F-11D3-BF4B-00C04F79EFBC}") = "NetCoreApp.Services", "src\NetCoreApp.Services\NetCoreApp.Services.csproj", "{F445C6EC-DC21-46A3-B5FB-61F132FAEE15}"
EndProject
Project("{FAE04EC0-301F-11D3-BF4B-00C04F79EFBC}") = "NetCoreApp.Data", "src\NetCoreApp.Data\NetCoreApp.Data.csproj", "{633841C3-B32D-4C55-A69D-00318C371818}"
EndProject
Project("{FAE04EC0-301F-11D3-BF4B-00C04F79EFBC}") = "NetCoreApp.Models", "src\NetCoreApp.Models\NetCoreApp.Models.csproj", "{D7F9AB18-7919-41DB-BA75-485CFBD4E07C}"
EndProject
Global
	GlobalSection(SolutionConfigurationPlatforms) = preSolution
		Debug|Any CPU = Debug|Any CPU
		Debug|x64 = Debug|x64
		Debug|x86 = Debug|x86
		Release|Any CPU = Release|Any CPU
		Release|x64 = Release|x64
		Release|x86 = Release|x86
	EndGlobalSection
	GlobalSection(SolutionProperties) = preSolution
		HideSolutionNode = FALSE
	EndGlobalSection
	GlobalSection(NestedProjects) = preSolution
		{6A2ADFEB-F199-4EDF-B76F-0CB6DFE72515} = {13C02213-1B27-45B1-9CBC-BA2BC24B94DD}
		{68453A67-6467-404B-8725-BF759C26F13A} = {397CAAEE-23E1-473A-8A32-8E1575EC81F4}
		{F445C6EC-DC21-46A3-B5FB-61F132FAEE15} = {397CAAEE-23E1-473A-8A32-8E1575EC81F4}
		{633841C3-B32D-4C55-A69D-00318C371818} = {397CAAEE-23E1-473A-8A32-8E1575EC81F4}
		{D7F9AB18-7919-41DB-BA75-485CFBD4E07C} = {397CAAEE-23E1-473A-8A32-8E1575EC81F4}
	EndGlobalSection
	GlobalSection(ProjectConfigurationPlatforms) = postSolution
		{6A2ADFEB-F199-4EDF-B76F-0CB6DFE72515}.Debug|Any CPU.ActiveCfg = Debug|Any CPU
		{6A2ADFEB-F199-4EDF-B76F-0CB6DFE72515}.Debug|Any CPU.Build.0 = Debug|Any CPU
		{6A2ADFEB-F199-4EDF-B76F-0CB6DFE72515}.Debug|x64.ActiveCfg = Debug|Any CPU
		{6A2ADFEB-F199-4EDF-B76F-0CB6DFE72515}.Debug|x64.Build.0 = Debug|Any CPU
		{6A2ADFEB-F199-4EDF-B76F-0CB6DFE72515}.Debug|x86.ActiveCfg = Debug|Any CPU
		{6A2ADFEB-F199-4EDF-B76F-0CB6DFE72515}.Debug|x86.Build.0 = Debug|Any CPU
		{6A2ADFEB-F199-4EDF-B76F-0CB6DFE72515}.Release|Any CPU.ActiveCfg = Release|Any CPU
		{6A2ADFEB-F199-4EDF-B76F-0CB6DFE72515}.Release|Any CPU.Build.0 = Release|Any CPU
		{6A2ADFEB-F199-4EDF-B76F-0CB6DFE72515}.Release|x64.ActiveCfg = Release|Any CPU
		{6A2ADFEB-F199-4EDF-B76F-0CB6DFE72515}.Release|x64.Build.0 = Release|Any CPU
		{6A2ADFEB-F199-4EDF-B76F-0CB6DFE72515}.Release|x86.ActiveCfg = Release|Any CPU
		{6A2ADFEB-F199-4EDF-B76F-0CB6DFE72515}.Release|x86.Build.0 = Release|Any CPU
		{68453A67-6467-404B-8725-BF759C26F13A}.Debug|Any CPU.ActiveCfg = Debug|Any CPU
		{68453A67-6467-404B-8725-BF759C26F13A}.Debug|Any CPU.Build.0 = Debug|Any CPU
		{68453A67-6467-404B-8725-BF759C26F13A}.Debug|x64.ActiveCfg = Debug|Any CPU
		{68453A67-6467-404B-8725-BF759C26F13A}.Debug|x64.Build.0 = Debug|Any CPU
		{68453A67-6467-404B-8725-BF759C26F13A}.Debug|x86.ActiveCfg = Debug|Any CPU
		{68453A67-6467-404B-8725-BF759C26F13A}.Debug|x86.Build.0 = Debug|Any CPU
		{68453A67-6467-404B-8725-BF759C26F13A}.Release|Any CPU.ActiveCfg = Release|Any CPU
		{68453A67-6467-404B-8725-BF759C26F13A}.Release|Any CPU.Build.0 = Release|Any CPU
		{68453A67-6467-404B-8725-BF759C26F13A}.Release|x64.ActiveCfg = Release|Any CPU
		{68453A67-6467-404B-8725-BF759C26F13A}.Release|x64.Build.0 = Release|Any CPU
		{68453A67-6467-404B-8725-BF759C26F13A}.Release|x86.ActiveCfg = Release|Any CPU
		{68453A67-6467-404B-8725-BF759C26F13A}.Release|x86.Build.0 = Release|Any CPU
		{F445C6EC-DC21-46A3-B5FB-61F132FAEE15}.Debug|Any CPU.ActiveCfg = Debug|Any CPU
		{F445C6EC-DC21-46A3-B5FB-61F132FAEE15}.Debug|Any CPU.Build.0 = Debug|Any CPU
		{F445C6EC-DC21-46A3-B5FB-61F132FAEE15}.Debug|x64.ActiveCfg = Debug|Any CPU
		{F445C6EC-DC21-46A3-B5FB-61F132FAEE15}.Debug|x64.Build.0 = Debug|Any CPU
		{F445C6EC-DC21-46A3-B5FB-61F132FAEE15}.Debug|x86.ActiveCfg = Debug|Any CPU
		{F445C6EC-DC21-46A3-B5FB-61F132FAEE15}.Debug|x86.Build.0 = Debug|Any CPU
		{F445C6EC-DC21-46A3-B5FB-61F132FAEE15}.Release|Any CPU.ActiveCfg = Release|Any CPU
		{F445C6EC-DC21-46A3-B5FB-61F132FAEE15}.Release|Any CPU.Build.0 = Release|Any CPU
		{F445C6EC-DC21-46A3-B5FB-61F132FAEE15}.Release|x64.ActiveCfg = Release|Any CPU
		{F445C6EC-DC21-46A3-B5FB-61F132FAEE15}.Release|x64.Build.0 = Release|Any CPU
		{F445C6EC-DC21-46A3-B5FB-61F132FAEE15}.Release|x86.ActiveCfg = Release|Any CPU
		{F445C6EC-DC21-46A3-B5FB-61F132FAEE15}.Release|x86.Build.0 = Release|Any CPU
		{633841C3-B32D-4C55-A69D-00318C371818}.Debug|Any CPU.ActiveCfg = Debug|Any CPU
		{633841C3-B32D-4C55-A69D-00318C371818}.Debug|Any CPU.Build.0 = Debug|Any CPU
		{633841C3-B32D-4C55-A69D-00318C371818}.Debug|x64.ActiveCfg = Debug|Any CPU
		{633841C3-B32D-4C55-A69D-00318C371818}.Debug|x64.Build.0 = Debug|Any CPU
		{633841C3-B32D-4C55-A69D-00318C371818}.Debug|x86.ActiveCfg = Debug|Any CPU
		{633841C3-B32D-4C55-A69D-00318C371818}.Debug|x86.Build.0 = Debug|Any CPU
		{633841C3-B32D-4C55-A69D-00318C371818}.Release|Any CPU.ActiveCfg = Release|Any CPU
		{633841C3-B32D-4C55-A69D-00318C371818}.Release|Any CPU.Build.0 = Release|Any CPU
		{633841C3-B32D-4C55-A69D-00318C371818}.Release|x64.ActiveCfg = Release|Any CPU
		{633841C3-B32D-4C55-A69D-00318C371818}.Release|x64.Build.0 = Release|Any CPU
		{633841C3-B32D-4C55-A69D-00318C371818}.Release|x86.ActiveCfg = Release|Any CPU
		{633841C3-B32D-4C55-A69D-00318C371818}.Release|x86.Build.0 = Release|Any CPU
		{D7F9AB18-7919-41DB-BA75-485CFBD4E07C}.Debug|Any CPU.ActiveCfg = Debug|Any CPU
		{D7F9AB18-7919-41DB-BA75-485CFBD4E07C}.Debug|Any CPU.Build.0 = Debug|Any CPU
		{D7F9AB18-7919-41DB-BA75-485CFBD4E07C}.Debug|x64.ActiveCfg = Debug|Any CPU
		{D7F9AB18-7919-41DB-BA75-485CFBD4E07C}.Debug|x64.Build.0 = Debug|Any CPU
		{D7F9AB18-7919-41DB-BA75-485CFBD4E07C}.Debug|x86.ActiveCfg = Debug|Any CPU
		{D7F9AB18-7919-41DB-BA75-485CFBD4E07C}.Debug|x86.Build.0 = Debug|Any CPU
		{D7F9AB18-7919-41DB-BA75-485CFBD4E07C}.Release|Any CPU.ActiveCfg = Release|Any CPU
		{D7F9AB18-7919-41DB-BA75-485CFBD4E07C}.Release|Any CPU.Build.0 = Release|Any CPU
		{D7F9AB18-7919-41DB-BA75-485CFBD4E07C}.Release|x64.ActiveCfg = Release|Any CPU
		{D7F9AB18-7919-41DB-BA75-485CFBD4E07C}.Release|x64.Build.0 = Release|Any CPU
		{D7F9AB18-7919-41DB-BA75-485CFBD4E07C}.Release|x86.ActiveCfg = Release|Any CPU
		{D7F9AB18-7919-41DB-BA75-485CFBD4E07C}.Release|x86.Build.0 = Release|Any CPU
	EndGlobalSection
EndGlobal
